
Microsoft Visual Studio Solution File, Format Version 12.00
# Visual Studio Version 17
VisualStudioVersion = 17.8.34408.163
MinimumVisualStudioVersion = 10.0.40219.1
Project("{FAE04EC0-301F-11D3-BF4B-00C04F79EFBC}") = "ExercicioVerificar10Idades", "ExercicioVerificar10Idades\ExercicioVerificar10Idades.csproj", "{1D79D76D-0FE2-46E8-BCC3-A9C8ABE3ABCF}"
EndProject
Global
	GlobalSection(SolutionConfigurationPlatforms) = preSolution
		Debug|Any CPU = Debug|Any CPU
		Release|Any CPU = Release|Any CPU
	EndGlobalSection
	GlobalSection(ProjectConfigurationPlatforms) = postSolution
		{1D79D76D-0FE2-46E8-BCC3-A9C8ABE3ABCF}.Debug|Any CPU.ActiveCfg = Debug|Any CPU
		{1D79D76D-0FE2-46E8-BCC3-A9C8ABE3ABCF}.Debug|Any CPU.Build.0 = Debug|Any CPU
		{1D79D76D-0FE2-46E8-BCC3-A9C8ABE3ABCF}.Release|Any CPU.ActiveCfg = Release|Any CPU
		{1D79D76D-0FE2-46E8-BCC3-A9C8ABE3ABCF}.Release|Any CPU.Build.0 = Release|Any CPU
	EndGlobalSection
	GlobalSection(SolutionProperties) = preSolution
		HideSolutionNode = FALSE
	EndGlobalSection
	GlobalSection(ExtensibilityGlobals) = postSolution
		SolutionGuid = {2614CFF5-4085-4993-A939-870E811471BA}
	EndGlobalSection
EndGlobal
